{
  "name": "scratch-drone",
  "version": "1.0.0",
  "lockfileVersion": 1,
  "requires": true,
  "dependencies": {
    "asyncawait": {
      "version": "1.0.7",
      "resolved": "https://registry.npmjs.org/asyncawait/-/asyncawait-1.0.7.tgz",
      "integrity": "sha512-jWRlXdzpj90/bbgA6cy4BbTHFEBk+RQpFQHiCuy9/rp0OB07pBYWVRWoT4Garf0fZRC/nzA6OhN5xC0wpoxKjw==",
      "requires": {
        "bluebird": "3.5.3",
        "fibers": "2.0.2",
        "lodash": "4.17.11"
      }
    },
    "bluebird": {
      "version": "3.5.3",
      "resolved": "https://registry.npmjs.org/bluebird/-/bluebird-3.5.3.tgz",
      "integrity": "sha512-/qKPUQlaW1OyR51WeCPBvRnAlnZFUJkCSG5HzGnuIqhgyJtF+T94lFnn33eiazjRm2LAHVy2guNnaq48X9SJuw=="
    },
    "fibers": {
      "version": "2.0.2",
      "resolved": "https://registry.npmjs.org/fibers/-/fibers-2.0.2.tgz",
      "integrity": "sha512-HfVRxhYG7C8Jl9FqtrlElMR2z/8YiLQVDKf67MLY25Ic+ILx3ecmklfT1v3u+7P5/4vEFjuxaAFXhr2/Afwk5g=="
    },
    "lodash": {
      "version": "4.17.11",
      "resolved": "https://registry.npmjs.org/lodash/-/lodash-4.17.11.tgz",
      "integrity": "sha512-cQKh8igo5QUhZ7lg38DYWAxMvjSAKG0A8wGSVimP07SIUEK2UO+arSRKbRZWtelMtN5V0Hkwh5ryOto/SshYIg=="
    }
  }
}
